
Microsoft Visual Studio Solution File, Format Version 12.00
# Visual Studio Version 18
VisualStudioVersion = 18.0.11123.170 d18.0
MinimumVisualStudioVersion = 10.0.40219.1
Project("{FAE04EC0-301F-11D3-BF4B-00C04F79EFBC}") = "opal-tool-seochecker", "opal-tool-seochecker.csproj", "{1C91E7D6-2E0B-4A0A-8758-7B43B83A7475}"
EndProject
Global
	GlobalSection(SolutionConfigurationPlatforms) = preSolution
		Debug|Any CPU = Debug|Any CPU
		Release|Any CPU = Release|Any CPU
	EndGlobalSection
	GlobalSection(ProjectConfigurationPlatforms) = postSolution
		{1C91E7D6-2E0B-4A0A-8758-7B43B83A7475}.Debug|Any CPU.ActiveCfg = Debug|Any CPU
		{1C91E7D6-2E0B-4A0A-8758-7B43B83A7475}.Debug|Any CPU.Build.0 = Debug|Any CPU
		{1C91E7D6-2E0B-4A0A-8758-7B43B83A7475}.Release|Any CPU.ActiveCfg = Release|Any CPU
		{1C91E7D6-2E0B-4A0A-8758-7B43B83A7475}.Release|Any CPU.Build.0 = Release|Any CPU
	EndGlobalSection
	GlobalSection(SolutionProperties) = preSolution
		HideSolutionNode = FALSE
	EndGlobalSection
	GlobalSection(ExtensibilityGlobals) = postSolution
		SolutionGuid = {5C81D69A-E10D-4016-944D-2368CC6070A4}
	EndGlobalSection
EndGlobal
